# THIS IS AN AUTOGENERATED FILE. DO NOT EDIT THIS FILE DIRECTLY.
# yarn lockfile v1


"@polymer/font-roboto@^3.0.0-pre.25", "@polymer/font-roboto@^3.0.1":
  version "3.0.2"
  resolved "https://registry.yarnpkg.com/@polymer/font-roboto/-/font-roboto-3.0.2.tgz#80cdaa7225db2359130dfb2c6d9a3be1820020c3"

"@polymer/iron-a11y-announcer@^3.0.0-pre.18", "@polymer/iron-a11y-announcer@^3.0.0-pre.26":
  version "3.0.1"
  resolved "https://registry.yarnpkg.com/@polymer/iron-a11y-announcer/-/iron-a11y-announcer-3.0.1.tgz#62c68fda0964494fd790887a596bbda74bcbc13d"
  dependencies:
    "@polymer/polymer" "^3.0.0"

"@polymer/iron-a11y-keys-behavior@^3.0.0-pre.18", "@polymer/iron-a11y-keys-behavior@^3.0.0-pre.26":
  version "3.0.1"
  resolved "https://registry.yarnpkg.com/@polymer/iron-a11y-keys-behavior/-/iron-a11y-keys-behavior-3.0.1.tgz#2868ea72912d2007ffab4734684a91f5aac49b84"
  dependencies:
    "@polymer/polymer" "^3.0.0"

"@polymer/iron-ajax@^3.0.0-pre.21", "@polymer/iron-ajax@^3.0.0-pre.26":
  version "3.0.1"
  resolved "https://registry.yarnpkg.com/@polymer/iron-ajax/-/iron-ajax-3.0.1.tgz#831781be31ced011ac7243a46e34a775a4bb3133"
  dependencies:
    "@polymer/polymer" "^3.0.0"

"@polymer/iron-autogrow-textarea@^3.0.0-pre.26":
  version "3.0.1"
  resolved "https://registry.yarnpkg.com/@polymer/iron-autogrow-textarea/-/iron-autogrow-textarea-3.0.1.tgz#0205d9c5ca16f3afd505f41e9037989707d59dce"
  dependencies:
    "@polymer/iron-behaviors" "^3.0.0-pre.26"
    "@polymer/iron-flex-layout" "^3.0.0-pre.26"
    "@polymer/iron-validatable-behavior" "^3.0.0-pre.26"
    "@polymer/polymer" "^3.0.0"

"@polymer/iron-behaviors@^3.0.0-pre.26":
  version "3.0.1"
  resolved "https://registry.yarnpkg.com/@polymer/iron-behaviors/-/iron-behaviors-3.0.1.tgz#a3b6f876779a7f0a91a15e4423890968b6525901"
  dependencies:
    "@polymer/iron-a11y-keys-behavior" "^3.0.0-pre.26"
    "@polymer/polymer" "^3.0.0"

"@polymer/iron-demo-helpers@^3.0.0-pre.21":
  version "3.0.2"
  resolved "https://registry.yarnpkg.com/@polymer/iron-demo-helpers/-/iron-demo-helpers-3.0.2.tgz#ba2503555b6166e75016e072f357cee15b44b03c"
  dependencies:
    "@polymer/font-roboto" "^3.0.0-pre.25"
    "@polymer/iron-flex-layout" "^3.0.0-pre.25"
    "@polymer/iron-location" "^3.0.0-pre.25"
    "@polymer/marked-element" "^3.0.0-pre.25"
    "@polymer/polymer" "^3.0.0"
    "@polymer/prism-element" "^3.0.0-pre.25"

"@polymer/iron-flex-layout@3.0.0-pre.25", "@polymer/iron-flex-layout@^3.0.0-pre.24", "@polymer/iron-flex-layout@^3.0.0-pre.25", "@polymer/iron-flex-layout@^3.0.0-pre.26":
  version "3.0.0-pre.25"
  resolved "https://registry.yarnpkg.com/@polymer/iron-flex-layout/-/iron-flex-layout-3.0.0-pre.25.tgz#b4a01c244cc0bcaf8f4fad3e7727b66e06874089"
  dependencies:
    "@polymer/polymer" "^3.0.0"

"@polymer/iron-form-element-behavior@^3.0.0-pre.26":
  version "3.0.1"
  resolved "https://registry.yarnpkg.com/@polymer/iron-form-element-behavior/-/iron-form-element-behavior-3.0.1.tgz#4c79e1981d7796ce659e997f3b8f5e14b4a075a4"
  dependencies:
    "@polymer/polymer" "^3.0.0"

"@polymer/iron-form@^3.0.0-pre.21":
  version "3.0.1"
  resolved "https://registry.yarnpkg.com/@polymer/iron-form/-/iron-form-3.0.1.tgz#f34a0d3663b9f357fb1d3eac882415a7f0fd4831"
  dependencies:
    "@polymer/iron-ajax" "^3.0.0-pre.26"
    "@polymer/polymer" "^3.0.0"

"@polymer/iron-icon@3.0.0-pre.25", "@polymer/iron-icon@^3.0.0-pre.18", "@polymer/iron-icon@^3.0.0-pre.25", "@polymer/iron-icon@^3.0.0-pre.26":
  version "3.0.0-pre.25"
  resolved "https://registry.yarnpkg.com/@polymer/iron-icon/-/iron-icon-3.0.0-pre.25.tgz#c5bdb739b4461acca8de81657ccd976a89492ffe"
  dependencies:
    "@polymer/iron-flex-layout" "^3.0.0-pre.24"
    "@polymer/iron-meta" "^3.0.0-pre.24"
    "@polymer/polymer" "^3.0.0"

"@polymer/iron-icons@^3.0.0-pre.21":
  version "3.0.1"
  resolved "https://registry.yarnpkg.com/@polymer/iron-icons/-/iron-icons-3.0.1.tgz#c1bd31d8483afbdb5422cdc384081e19c9267cfe"
  dependencies:
    "@polymer/iron-icon" "^3.0.0-pre.26"
    "@polymer/iron-iconset-svg" "^3.0.0-pre.26"
    "@polymer/polymer" "^3.0.0"

"@polymer/iron-iconset-svg@^3.0.0-pre.18", "@polymer/iron-iconset-svg@^3.0.0-pre.26":
  version "3.0.1"
  resolved "https://registry.yarnpkg.com/@polymer/iron-iconset-svg/-/iron-iconset-svg-3.0.1.tgz#568d6e7dbc120299dae63be3600aeba0d30ddbea"
  dependencies:
    "@polymer/iron-meta" "^3.0.0-pre.26"
    "@polymer/polymer" "^3.0.0"

"@polymer/iron-input@^3.0.0-pre.26":
  version "3.0.1"
  resolved "https://registry.yarnpkg.com/@polymer/iron-input/-/iron-input-3.0.1.tgz#dc866a25107f9b38d9ca4512dd9a3e51b78b4915"
  dependencies:
    "@polymer/iron-a11y-announcer" "^3.0.0-pre.26"
    "@polymer/iron-validatable-behavior" "^3.0.0-pre.26"
    "@polymer/polymer" "^3.0.0"

"@polymer/iron-location@^3.0.0-pre.25":
  version "3.0.1"
  resolved "https://registry.yarnpkg.com/@polymer/iron-location/-/iron-location-3.0.1.tgz#43a59fced248ea71db5833116fcdefa186b79527"
  dependencies:
    "@polymer/polymer" "^3.0.0"

"@polymer/iron-meta@3.0.0-pre.25", "@polymer/iron-meta@^3.0.0-pre.24", "@polymer/iron-meta@^3.0.0-pre.26":
  version "3.0.0-pre.25"
  resolved "https://registry.yarnpkg.com/@polymer/iron-meta/-/iron-meta-3.0.0-pre.25.tgz#c95c44cbda572b6753cea2f022f94c67d5f698a0"
  dependencies:
    "@polymer/polymer" "^3.0.0"

"@polymer/iron-pages@^3.0.0-pre.21":
  version "3.0.1"
  resolved "https://registry.yarnpkg.com/@polymer/iron-pages/-/iron-pages-3.0.1.tgz#b0c3639a4d51e405464c8b8bcccbe055fab401c0"
  dependencies:
    "@polymer/iron-resizable-behavior" "^3.0.0-pre.26"
    "@polymer/iron-selector" "^3.0.0-pre.26"
    "@polymer/polymer" "^3.0.0"

"@polymer/iron-resizable-behavior@^3.0.0-pre.18", "@polymer/iron-resizable-behavior@^3.0.0-pre.26":
  version "3.0.1"
  resolved "https://registry.yarnpkg.com/@polymer/iron-resizable-behavior/-/iron-resizable-behavior-3.0.1.tgz#e284348ed7c1c7e263f7039297532fa954025ea2"
  dependencies:
    "@polymer/polymer" "^3.0.0"

"@polymer/iron-scroll-target-behavior@^3.0.0-pre.18":
  version "3.0.1"
  resolved "https://registry.yarnpkg.com/@polymer/iron-scroll-target-behavior/-/iron-scroll-target-behavior-3.0.1.tgz#29fa644b320fb29ab6c68eb6d08a6520157764ac"
  dependencies:
    "@polymer/polymer" "^3.0.0"

"@polymer/iron-selector@^3.0.0-pre.26":
  version "3.0.1"
  resolved "https://registry.yarnpkg.com/@polymer/iron-selector/-/iron-selector-3.0.1.tgz#e845bec58489c96b4e7609525532437869ad5a88"
  dependencies:
    "@polymer/polymer" "^3.0.0"

"@polymer/iron-validatable-behavior@^3.0.0-pre.26":
  version "3.0.1"
  resolved "https://registry.yarnpkg.com/@polymer/iron-validatable-behavior/-/iron-validatable-behavior-3.0.1.tgz#73538f005a07741c31b6fc1e981168c3d3e0d92b"
  dependencies:
    "@polymer/iron-meta" "^3.0.0-pre.26"
    "@polymer/polymer" "^3.0.0"

"@polymer/lit-element@0.6.1":
  version "0.6.1"
  resolved "https://registry.yarnpkg.com/@polymer/lit-element/-/lit-element-0.6.1.tgz#56772f8fb0c6d3d73a20a6d17f3bc82ec648664b"
  dependencies:
    lit-html "^0.11.4"

"@polymer/marked-element@^3.0.0-pre.25":
  version "3.0.1"
  resolved "https://registry.yarnpkg.com/@polymer/marked-element/-/marked-element-3.0.1.tgz#56add62080404dea142c055977807ae9ca773a89"
  dependencies:
    "@polymer/polymer" "^3.0.0"
    marked "~0.3.9"

"@polymer/paper-input@^3.0.0-pre.21":
  version "3.0.1"
  resolved "https://registry.yarnpkg.com/@polymer/paper-input/-/paper-input-3.0.1.tgz#ec711a131af74f10553bbf1125971ddc354afe62"
  dependencies:
    "@polymer/iron-a11y-keys-behavior" "^3.0.0-pre.26"
    "@polymer/iron-autogrow-textarea" "^3.0.0-pre.26"
    "@polymer/iron-behaviors" "^3.0.0-pre.26"
    "@polymer/iron-form-element-behavior" "^3.0.0-pre.26"
    "@polymer/iron-input" "^3.0.0-pre.26"
    "@polymer/paper-styles" "^3.0.0-pre.26"
    "@polymer/polymer" "^3.0.0"

"@polymer/paper-styles@^3.0.0-pre.26":
  version "3.0.1"
  resolved "https://registry.yarnpkg.com/@polymer/paper-styles/-/paper-styles-3.0.1.tgz#bd4962b83ab8432cd1cf197bb5222d3a08f135e1"
  dependencies:
    "@polymer/font-roboto" "^3.0.1"
    "@polymer/iron-flex-layout" "^3.0.0-pre.26"
    "@polymer/polymer" "^3.0.0"

"@polymer/polymer@^3.0.0", "@polymer/polymer@^3.0.0-pre.13":
  version "3.0.5"
  resolved "https://registry.yarnpkg.com/@polymer/polymer/-/polymer-3.0.5.tgz#eaa42e70df7de818b5e1839452c82a5f83e39929"
  dependencies:
    "@webcomponents/shadycss" "^1.2.0"

"@polymer/prism-element@^3.0.0-pre.25":
  version "3.0.1"
  resolved "https://registry.yarnpkg.com/@polymer/prism-element/-/prism-element-3.0.1.tgz#b35d53eec9ecea5e5fec7c82c7e978e760e53501"
  dependencies:
    "@polymer/polymer" "^3.0.0"
    prismjs "^1.11.0"

"@sdl-web/sdl-srch-bar@1.0.22":
  version "1.0.22"
  resolved "https://registry.yarnpkg.com/@sdl-web/sdl-srch-bar/-/sdl-srch-bar-1.0.22.tgz#6dd87d36175a398b2989d7a8ce91b5266d8b207e"
  dependencies:
    "@polymer/iron-ajax" "^3.0.0-pre.21"
    "@polymer/iron-form" "^3.0.0-pre.21"
    "@polymer/lit-element" "0.6.1"
    "@polymer/polymer" "^3.0.0-pre.13"
    jquery "^3.3.1"

"@vaadin/vaadin-button@^2.1.0":
  version "2.1.0"
  resolved "https://registry.yarnpkg.com/@vaadin/vaadin-button/-/vaadin-button-2.1.0.tgz#b80b30066ccef6950737dc658857475dfd5f0622"
  dependencies:
    "@polymer/polymer" "^3.0.0"
    "@vaadin/vaadin-control-state-mixin" "^2.1.1"
    "@vaadin/vaadin-element-mixin" "^2.0.0"
    "@vaadin/vaadin-lumo-styles" "^1.1.0-beta1"
    "@vaadin/vaadin-material-styles" "^1.1.0-beta1"
    "@vaadin/vaadin-themable-mixin" "^1.2.1"

"@vaadin/vaadin-checkbox@^2.2.1":
  version "2.2.2"
  resolved "https://registry.yarnpkg.com/@vaadin/vaadin-checkbox/-/vaadin-checkbox-2.2.2.tgz#81cf052c1ba886ad01915cff66b8932331e28dfa"
  dependencies:
    "@polymer/polymer" "^3.0.0"
    "@vaadin/vaadin-control-state-mixin" "^2.1.1"
    "@vaadin/vaadin-element-mixin" "^2.0.0"
    "@vaadin/vaadin-lumo-styles" "^1.2.0"
    "@vaadin/vaadin-material-styles" "^1.2.0"
    "@vaadin/vaadin-themable-mixin" "^1.2.1"

"@vaadin/vaadin-control-state-mixin@^2.1.1":
  version "2.1.1"
  resolved "https://registry.yarnpkg.com/@vaadin/vaadin-control-state-mixin/-/vaadin-control-state-mixin-2.1.1.tgz#39dab3105de15044408bd388ce7a8b20e608b509"
  dependencies:
    "@polymer/polymer" "^3.0.0"

"@vaadin/vaadin-development-mode-detector@2.0.0", "@vaadin/vaadin-development-mode-detector@^2.0.0":
  version "2.0.0"
  resolved "https://registry.yarnpkg.com/@vaadin/vaadin-development-mode-detector/-/vaadin-development-mode-detector-2.0.0.tgz#69417cbf4a9f7427ec7b70b7dc8e0605a2f900b3"

"@vaadin/vaadin-element-mixin@2.1.2", "@vaadin/vaadin-element-mixin@^2.0.0", "@vaadin/vaadin-element-mixin@^2.1.1":
  version "2.1.2"
  resolved "https://registry.yarnpkg.com/@vaadin/vaadin-element-mixin/-/vaadin-element-mixin-2.1.2.tgz#f34421cc81e6aa3fdf688f0ba26f4a6ae030ad5e"
  dependencies:
    "@polymer/polymer" "^3.0.0"
    "@vaadin/vaadin-development-mode-detector" "^2.0.0"
    "@vaadin/vaadin-usage-statistics" "^2.0.1"

"@vaadin/vaadin-grid@^5.1.0-beta2":
  version "5.1.0"
  resolved "https://registry.yarnpkg.com/@vaadin/vaadin-grid/-/vaadin-grid-5.1.0.tgz#081ec449fcaaeb7f6af613d81e5a2a9a63089cbb"
  dependencies:
    "@polymer/iron-a11y-announcer" "^3.0.0-pre.18"
    "@polymer/iron-a11y-keys-behavior" "^3.0.0-pre.18"
    "@polymer/iron-resizable-behavior" "^3.0.0-pre.18"
    "@polymer/iron-scroll-target-behavior" "^3.0.0-pre.18"
    "@polymer/polymer" "^3.0.0"
    "@vaadin/vaadin-checkbox" "^2.2.1"
    "@vaadin/vaadin-element-mixin" "^2.1.1"
    "@vaadin/vaadin-lumo-styles" "^1.1.1"
    "@vaadin/vaadin-material-styles" "^1.1.1"
    "@vaadin/vaadin-text-field" "^2.1.1"
    "@vaadin/vaadin-themable-mixin" "^1.2.1"

"@vaadin/vaadin-icons@^4.2.0":
  version "4.2.0"
  resolved "https://registry.yarnpkg.com/@vaadin/vaadin-icons/-/vaadin-icons-4.2.0.tgz#6134a32532d9a93048f72ed9b7c95be21ba27f26"
  dependencies:
    "@polymer/iron-icon" "^3.0.0-pre.18"
    "@polymer/iron-iconset-svg" "^3.0.0-pre.18"
    "@polymer/polymer" "^3.0.0"

"@vaadin/vaadin-item@^2.1.0":
  version "2.1.0"
  resolved "https://registry.yarnpkg.com/@vaadin/vaadin-item/-/vaadin-item-2.1.0.tgz#f4a3c3656e34774745a78b21c2e8a7ec3e32e396"
  dependencies:
    "@polymer/polymer" "^3.0.0"
    "@vaadin/vaadin-lumo-styles" "^1.1.0"
    "@vaadin/vaadin-material-styles" "^1.1.0"
    "@vaadin/vaadin-themable-mixin" "^1.2.1"

"@vaadin/vaadin-list-mixin@^2.1.0":
  version "2.1.0"
  resolved "https://registry.yarnpkg.com/@vaadin/vaadin-list-mixin/-/vaadin-list-mixin-2.1.0.tgz#fe5c8fb02f73c341f00d3c428e196ba89e072df0"
  dependencies:
    "@polymer/polymer" "^3.0.0"

"@vaadin/vaadin-lumo-styles@^1.1.0", "@vaadin/vaadin-lumo-styles@^1.1.0-beta1", "@vaadin/vaadin-lumo-styles@^1.1.1", "@vaadin/vaadin-lumo-styles@^1.2.0":
  version "1.2.0"
  resolved "https://registry.yarnpkg.com/@vaadin/vaadin-lumo-styles/-/vaadin-lumo-styles-1.2.0.tgz#a1b5993282015412115529dad1348b0ed7b780cb"
  dependencies:
    "@polymer/iron-icon" "^3.0.0-pre.18"
    "@polymer/iron-iconset-svg" "^3.0.0-pre.18"
    "@polymer/polymer" "^3.0.0"

"@vaadin/vaadin-material-styles@^1.1.0", "@vaadin/vaadin-material-styles@^1.1.0-beta1", "@vaadin/vaadin-material-styles@^1.1.1", "@vaadin/vaadin-material-styles@^1.2.0":
  version "1.2.0"
  resolved "https://registry.yarnpkg.com/@vaadin/vaadin-material-styles/-/vaadin-material-styles-1.2.0.tgz#8ac6056b30617a789ff806017ec14e779a1e0252"
  dependencies:
    "@polymer/polymer" "^3.0.0"

"@vaadin/vaadin-tabs@^2.1.0-beta2":
  version "2.1.1"
  resolved "https://registry.yarnpkg.com/@vaadin/vaadin-tabs/-/vaadin-tabs-2.1.1.tgz#7bba8bb44e3fab71dfa96cc3c282a958003cbdb8"
  dependencies:
    "@polymer/iron-resizable-behavior" "^3.0.0-pre.18"
    "@polymer/polymer" "^3.0.0"
    "@vaadin/vaadin-element-mixin" "^2.0.0"
    "@vaadin/vaadin-item" "^2.1.0"
    "@vaadin/vaadin-list-mixin" "^2.1.0"
    "@vaadin/vaadin-lumo-styles" "^1.1.0"
    "@vaadin/vaadin-material-styles" "^1.1.0"
    "@vaadin/vaadin-themable-mixin" "^1.2.1"

"@vaadin/vaadin-text-field@^2.1.1":
  version "2.1.2"
  resolved "https://registry.yarnpkg.com/@vaadin/vaadin-text-field/-/vaadin-text-field-2.1.2.tgz#b19bee3bd7e2f0bdad93802f4a11dc24d7ff3815"
  dependencies:
    "@polymer/polymer" "^3.0.0"
    "@vaadin/vaadin-control-state-mixin" "^2.1.1"
    "@vaadin/vaadin-element-mixin" "^2.0.0"
    "@vaadin/vaadin-lumo-styles" "^1.1.0-beta1"
    "@vaadin/vaadin-material-styles" "^1.1.0-beta1"
    "@vaadin/vaadin-themable-mixin" "^1.2.1"

"@vaadin/vaadin-themable-mixin@^1.2.1":
  version "1.3.2"
  resolved "https://registry.yarnpkg.com/@vaadin/vaadin-themable-mixin/-/vaadin-themable-mixin-1.3.2.tgz#1c5f3fa56bd5c41a9b5ce0de8ad9506380c72f39"
  dependencies:
    "@polymer/polymer" "^3.0.0"

"@vaadin/vaadin-usage-statistics@2.0.1", "@vaadin/vaadin-usage-statistics@^2.0.1":
  version "2.0.1"
  resolved "https://registry.yarnpkg.com/@vaadin/vaadin-usage-statistics/-/vaadin-usage-statistics-2.0.1.tgz#277e880c901521f8b763ed0f16ca6900ac6a9f43"
  dependencies:
    "@vaadin/vaadin-development-mode-detector" "^2.0.0"

"@webcomponents/shadycss@^1.2.0":
  version "1.5.2"
  resolved "https://registry.yarnpkg.com/@webcomponents/shadycss/-/shadycss-1.5.2.tgz#ad72f43000c39ba4ac61e625131f34f4b7cfe55f"

"@webcomponents/webcomponentsjs@^2.0.2":
  version "2.1.3"
  resolved "https://registry.yarnpkg.com/@webcomponents/webcomponentsjs/-/webcomponentsjs-2.1.3.tgz#f7430c6efe52ab06f69d219fddd32afd2758f683"

clipboard@^2.0.0:
  version "2.0.1"
  resolved "https://registry.yarnpkg.com/clipboard/-/clipboard-2.0.1.tgz#a12481e1c13d8a50f5f036b0560fe5d16d74e46a"
  dependencies:
    good-listener "^1.2.2"
    select "^1.1.2"
    tiny-emitter "^2.0.0"

delegate@^3.1.2:
  version "3.2.0"
  resolved "https://registry.yarnpkg.com/delegate/-/delegate-3.2.0.tgz#b66b71c3158522e8ab5744f720d8ca0c2af59166"

good-listener@^1.2.2:
  version "1.2.2"
  resolved "https://registry.yarnpkg.com/good-listener/-/good-listener-1.2.2.tgz#d53b30cdf9313dffb7dc9a0d477096aa6d145c50"
  dependencies:
    delegate "^3.1.2"

jquery@^3.3.1:
  version "3.3.1"
  resolved "https://registry.yarnpkg.com/jquery/-/jquery-3.3.1.tgz#958ce29e81c9790f31be7792df5d4d95fc57fbca"

lit-html@^0.11.4:
  version "0.11.4"
  resolved "https://registry.yarnpkg.com/lit-html/-/lit-html-0.11.4.tgz#fa397d2b2f2d0523ebc136e5a1699aa4e9346152"

marked@~0.3.9:
  version "0.3.19"
  resolved "https://registry.yarnpkg.com/marked/-/marked-0.3.19.tgz#5d47f709c4c9fc3c216b6d46127280f40b39d790"

prismjs@^1.11.0:
  version "1.15.0"
  resolved "https://registry.yarnpkg.com/prismjs/-/prismjs-1.15.0.tgz#8801d332e472091ba8def94976c8877ad60398d9"
  optionalDependencies:
    clipboard "^2.0.0"

select@^1.1.2:
  version "1.1.2"
  resolved "https://registry.yarnpkg.com/select/-/select-1.1.2.tgz#0e7350acdec80b1108528786ec1d4418d11b396d"

tiny-emitter@^2.0.0:
  version "2.0.2"
  resolved "https://registry.yarnpkg.com/tiny-emitter/-/tiny-emitter-2.0.2.tgz#82d27468aca5ade8e5fd1e6d22b57dd43ebdfb7c"
